
Microsoft Visual Studio Solution File, Format Version 12.00
# Visual Studio Version 16
VisualStudioVersion = 16.0.31727.386
MinimumVisualStudioVersion = 10.0.40219.1
Project("{9A19103F-16F7-4668-BE54-9A1E7A4F7556}") = "MusicStore.Models", "MusicStore.Models\MusicStore.Models.csproj", "{883CEE50-A3C6-4C8D-82B8-E9F93863328E}"
EndProject
Project("{9A19103F-16F7-4668-BE54-9A1E7A4F7556}") = "MusicStore.Statistics", "MusicStore.Statistics\MusicStore.Statistics.csproj", "{02F6C0AE-6FA1-4F4B-BD07-7C53448D423A}"
EndProject
Project("{9A19103F-16F7-4668-BE54-9A1E7A4F7556}") = "MusicStore.ConApp", "MusicStore.ConApp\MusicStore.ConApp.csproj", "{F7BD34B8-5FA6-4E9E-81E5-BB60C5356A91}"
EndProject
Project("{2150E333-8FDC-42A3-9474-1A3956D46DE8}") = "Solution Items", "Solution Items", "{6E49F17D-F790-41BE-83B9-4F9ADB90D4FF}"
	ProjectSection(SolutionItems) = preProject
		ReadMe.md = ReadMe.md
	EndProjectSection
EndProject
Global
	GlobalSection(SolutionConfigurationPlatforms) = preSolution
		Debug|Any CPU = Debug|Any CPU
		Release|Any CPU = Release|Any CPU
	EndGlobalSection
	GlobalSection(ProjectConfigurationPlatforms) = postSolution
		{883CEE50-A3C6-4C8D-82B8-E9F93863328E}.Debug|Any CPU.ActiveCfg = Debug|Any CPU
		{883CEE50-A3C6-4C8D-82B8-E9F93863328E}.Debug|Any CPU.Build.0 = Debug|Any CPU
		{883CEE50-A3C6-4C8D-82B8-E9F93863328E}.Release|Any CPU.ActiveCfg = Release|Any CPU
		{883CEE50-A3C6-4C8D-82B8-E9F93863328E}.Release|Any CPU.Build.0 = Release|Any CPU
		{02F6C0AE-6FA1-4F4B-BD07-7C53448D423A}.Debug|Any CPU.ActiveCfg = Debug|Any CPU
		{02F6C0AE-6FA1-4F4B-BD07-7C53448D423A}.Debug|Any CPU.Build.0 = Debug|Any CPU
		{02F6C0AE-6FA1-4F4B-BD07-7C53448D423A}.Release|Any CPU.ActiveCfg = Release|Any CPU
		{02F6C0AE-6FA1-4F4B-BD07-7C53448D423A}.Release|Any CPU.Build.0 = Release|Any CPU
		{F7BD34B8-5FA6-4E9E-81E5-BB60C5356A91}.Debug|Any CPU.ActiveCfg = Debug|Any CPU
		{F7BD34B8-5FA6-4E9E-81E5-BB60C5356A91}.Debug|Any CPU.Build.0 = Debug|Any CPU
		{F7BD34B8-5FA6-4E9E-81E5-BB60C5356A91}.Release|Any CPU.ActiveCfg = Release|Any CPU
		{F7BD34B8-5FA6-4E9E-81E5-BB60C5356A91}.Release|Any CPU.Build.0 = Release|Any CPU
	EndGlobalSection
	GlobalSection(SolutionProperties) = preSolution
		HideSolutionNode = FALSE
	EndGlobalSection
	GlobalSection(ExtensibilityGlobals) = postSolution
		SolutionGuid = {BEED9297-E5CF-4BE4-861C-61AB869B41E9}
	EndGlobalSection
EndGlobal
